{
  "version": 3,
  "targets": {
    "net7.0": {
      "CSharpier/0.26.0": {
        "type": "package"
      }
    },
    "net7.0/any": {
      "CSharpier/0.26.0": {
        "type": "package",
        "tools": {
          "tools/net7.0/any/CSharpier.dll": {},
          "tools/net7.0/any/CSharpier.pdb": {},
          "tools/net7.0/any/DotNet.Glob.dll": {},
          "tools/net7.0/any/DotnetToolSettings.xml": {},
          "tools/net7.0/any/INIFileParser.dll": {},
          "tools/net7.0/any/Ignore.dll": {},
          "tools/net7.0/any/Microsoft.CodeAnalysis.CSharp.dll": {},
          "tools/net7.0/any/Microsoft.CodeAnalysis.dll": {},
          "tools/net7.0/any/Microsoft.Extensions.DependencyInjection.Abstractions.dll": {},
          "tools/net7.0/any/Microsoft.Extensions.DependencyInjection.dll": {},
          "tools/net7.0/any/Microsoft.Extensions.Logging.Abstractions.dll": {},
          "tools/net7.0/any/Microsoft.Extensions.Logging.dll": {},
          "tools/net7.0/any/Microsoft.Extensions.Options.dll": {},
          "tools/net7.0/any/Microsoft.Extensions.Primitives.dll": {},
          "tools/net7.0/any/System.CommandLine.dll": {},
          "tools/net7.0/any/System.IO.Abstractions.TestingHelpers.dll": {},
          "tools/net7.0/any/System.IO.Abstractions.dll": {},
          "tools/net7.0/any/System.IO.Hashing.dll": {},
          "tools/net7.0/any/YamlDotNet.dll": {},
          "tools/net7.0/any/cs/Microsoft.CodeAnalysis.CSharp.resources.dll": {},
          "tools/net7.0/any/cs/Microsoft.CodeAnalysis.resources.dll": {},
          "tools/net7.0/any/cs/System.CommandLine.resources.dll": {},
          "tools/net7.0/any/de/Microsoft.CodeAnalysis.CSharp.resources.dll": {},
          "tools/net7.0/any/de/Microsoft.CodeAnalysis.resources.dll": {},
          "tools/net7.0/any/de/System.CommandLine.resources.dll": {},
          "tools/net7.0/any/dotnet-csharpier.deps.json": {},
          "tools/net7.0/any/dotnet-csharpier.dll": {},
          "tools/net7.0/any/dotnet-csharpier.pdb": {},
          "tools/net7.0/any/dotnet-csharpier.runtimeconfig.json": {},
          "tools/net7.0/any/es/Microsoft.CodeAnalysis.CSharp.resources.dll": {},
          "tools/net7.0/any/es/Microsoft.CodeAnalysis.resources.dll": {},
          "tools/net7.0/any/es/System.CommandLine.resources.dll": {},
          "tools/net7.0/any/fr/Microsoft.CodeAnalysis.CSharp.resources.dll": {},
          "tools/net7.0/any/fr/Microsoft.CodeAnalysis.resources.dll": {},
          "tools/net7.0/any/fr/System.CommandLine.resources.dll": {},
          "tools/net7.0/any/it/Microsoft.CodeAnalysis.CSharp.resources.dll": {},
          "tools/net7.0/any/it/Microsoft.CodeAnalysis.resources.dll": {},
          "tools/net7.0/any/it/System.CommandLine.resources.dll": {},
          "tools/net7.0/any/ja/Microsoft.CodeAnalysis.CSharp.resources.dll": {},
          "tools/net7.0/any/ja/Microsoft.CodeAnalysis.resources.dll": {},
          "tools/net7.0/any/ja/System.CommandLine.resources.dll": {},
          "tools/net7.0/any/ko/Microsoft.CodeAnalysis.CSharp.resources.dll": {},
          "tools/net7.0/any/ko/Microsoft.CodeAnalysis.resources.dll": {},
          "tools/net7.0/any/ko/System.CommandLine.resources.dll": {},
          "tools/net7.0/any/pl/Microsoft.CodeAnalysis.CSharp.resources.dll": {},
          "tools/net7.0/any/pl/Microsoft.CodeAnalysis.resources.dll": {},
          "tools/net7.0/any/pl/System.CommandLine.resources.dll": {},
          "tools/net7.0/any/pt-BR/Microsoft.CodeAnalysis.CSharp.resources.dll": {},
          "tools/net7.0/any/pt-BR/Microsoft.CodeAnalysis.resources.dll": {},
          "tools/net7.0/any/pt-BR/System.CommandLine.resources.dll": {},
          "tools/net7.0/any/ru/Microsoft.CodeAnalysis.CSharp.resources.dll": {},
          "tools/net7.0/any/ru/Microsoft.CodeAnalysis.resources.dll": {},
          "tools/net7.0/any/ru/System.CommandLine.resources.dll": {},
          "tools/net7.0/any/tr/Microsoft.CodeAnalysis.CSharp.resources.dll": {},
          "tools/net7.0/any/tr/Microsoft.CodeAnalysis.resources.dll": {},
          "tools/net7.0/any/tr/System.CommandLine.resources.dll": {},
          "tools/net7.0/any/zh-Hans/Microsoft.CodeAnalysis.CSharp.resources.dll": {},
          "tools/net7.0/any/zh-Hans/Microsoft.CodeAnalysis.resources.dll": {},
          "tools/net7.0/any/zh-Hans/System.CommandLine.resources.dll": {},
          "tools/net7.0/any/zh-Hant/Microsoft.CodeAnalysis.CSharp.resources.dll": {},
          "tools/net7.0/any/zh-Hant/Microsoft.CodeAnalysis.resources.dll": {},
          "tools/net7.0/any/zh-Hant/System.CommandLine.resources.dll": {}
        }
      }
    }
  },
  "libraries": {
    "CSharpier/0.26.0": {
      "sha512": "MNib0y9+54XklayFUeUF7mE1MvkbYROswK3A7IdVslsmExEIcLBnIsGzDLUwmASTUy6Pl6qUwxhTjlBJ0m+Upg==",
      "type": "package",
      "path": "csharpier/0.26.0",
      "hasTools": true,
      "files": [
        ".nupkg.metadata",
        ".signature.p7s",
        "README.md",
        "csharpier.0.26.0.nupkg.sha512",
        "csharpier.nuspec",
        "logo.png",
        "tools/net6.0/any/CSharpier.dll",
        "tools/net6.0/any/CSharpier.pdb",
        "tools/net6.0/any/DotNet.Glob.dll",
        "tools/net6.0/any/DotnetToolSettings.xml",
        "tools/net6.0/any/INIFileParser.dll",
        "tools/net6.0/any/Ignore.dll",
        "tools/net6.0/any/Microsoft.CodeAnalysis.CSharp.dll",
        "tools/net6.0/any/Microsoft.CodeAnalysis.dll",
        "tools/net6.0/any/Microsoft.Extensions.DependencyInjection.Abstractions.dll",
        "tools/net6.0/any/Microsoft.Extensions.DependencyInjection.dll",
        "tools/net6.0/any/Microsoft.Extensions.Logging.Abstractions.dll",
        "tools/net6.0/any/Microsoft.Extensions.Logging.dll",
        "tools/net6.0/any/Microsoft.Extensions.Options.dll",
        "tools/net6.0/any/Microsoft.Extensions.Primitives.dll",
        "tools/net6.0/any/System.Collections.Immutable.dll",
        "tools/net6.0/any/System.CommandLine.dll",
        "tools/net6.0/any/System.IO.Abstractions.TestingHelpers.dll",
        "tools/net6.0/any/System.IO.Abstractions.dll",
        "tools/net6.0/any/System.IO.Hashing.dll",
        "tools/net6.0/any/System.Reflection.Metadata.dll",
        "tools/net6.0/any/System.Text.Encoding.CodePages.dll",
        "tools/net6.0/any/System.Text.Encodings.Web.dll",
        "tools/net6.0/any/System.Text.Json.dll",
        "tools/net6.0/any/YamlDotNet.dll",
        "tools/net6.0/any/cs/Microsoft.CodeAnalysis.CSharp.resources.dll",
        "tools/net6.0/any/cs/Microsoft.CodeAnalysis.resources.dll",
        "tools/net6.0/any/cs/System.CommandLine.resources.dll",
        "tools/net6.0/any/de/Microsoft.CodeAnalysis.CSharp.resources.dll",
        "tools/net6.0/any/de/Microsoft.CodeAnalysis.resources.dll",
        "tools/net6.0/any/de/System.CommandLine.resources.dll",
        "tools/net6.0/any/dotnet-csharpier.deps.json",
        "tools/net6.0/any/dotnet-csharpier.dll",
        "tools/net6.0/any/dotnet-csharpier.pdb",
        "tools/net6.0/any/dotnet-csharpier.runtimeconfig.json",
        "tools/net6.0/any/es/Microsoft.CodeAnalysis.CSharp.resources.dll",
        "tools/net6.0/any/es/Microsoft.CodeAnalysis.resources.dll",
        "tools/net6.0/any/es/System.CommandLine.resources.dll",
        "tools/net6.0/any/fr/Microsoft.CodeAnalysis.CSharp.resources.dll",
        "tools/net6.0/any/fr/Microsoft.CodeAnalysis.resources.dll",
        "tools/net6.0/any/fr/System.CommandLine.resources.dll",
        "tools/net6.0/any/it/Microsoft.CodeAnalysis.CSharp.resources.dll",
        "tools/net6.0/any/it/Microsoft.CodeAnalysis.resources.dll",
        "tools/net6.0/any/it/System.CommandLine.resources.dll",
        "tools/net6.0/any/ja/Microsoft.CodeAnalysis.CSharp.resources.dll",
        "tools/net6.0/any/ja/Microsoft.CodeAnalysis.resources.dll",
        "tools/net6.0/any/ja/System.CommandLine.resources.dll",
        "tools/net6.0/any/ko/Microsoft.CodeAnalysis.CSharp.resources.dll",
        "tools/net6.0/any/ko/Microsoft.CodeAnalysis.resources.dll",
        "tools/net6.0/any/ko/System.CommandLine.resources.dll",
        "tools/net6.0/any/pl/Microsoft.CodeAnalysis.CSharp.resources.dll",
        "tools/net6.0/any/pl/Microsoft.CodeAnalysis.resources.dll",
        "tools/net6.0/any/pl/System.CommandLine.resources.dll",
        "tools/net6.0/any/pt-BR/Microsoft.CodeAnalysis.CSharp.resources.dll",
        "tools/net6.0/any/pt-BR/Microsoft.CodeAnalysis.resources.dll",
        "tools/net6.0/any/pt-BR/System.CommandLine.resources.dll",
        "tools/net6.0/any/ru/Microsoft.CodeAnalysis.CSharp.resources.dll",
        "tools/net6.0/any/ru/Microsoft.CodeAnalysis.resources.dll",
        "tools/net6.0/any/ru/System.CommandLine.resources.dll",
        "tools/net6.0/any/runtimes/browser/lib/net6.0/System.Text.Encodings.Web.dll",
        "tools/net6.0/any/runtimes/win/lib/net6.0/System.Text.Encoding.CodePages.dll",
        "tools/net6.0/any/tr/Microsoft.CodeAnalysis.CSharp.resources.dll",
        "tools/net6.0/any/tr/Microsoft.CodeAnalysis.resources.dll",
        "tools/net6.0/any/tr/System.CommandLine.resources.dll",
        "tools/net6.0/any/zh-Hans/Microsoft.CodeAnalysis.CSharp.resources.dll",
        "tools/net6.0/any/zh-Hans/Microsoft.CodeAnalysis.resources.dll",
        "tools/net6.0/any/zh-Hans/System.CommandLine.resources.dll",
        "tools/net6.0/any/zh-Hant/Microsoft.CodeAnalysis.CSharp.resources.dll",
        "tools/net6.0/any/zh-Hant/Microsoft.CodeAnalysis.resources.dll",
        "tools/net6.0/any/zh-Hant/System.CommandLine.resources.dll",
        "tools/net7.0/any/CSharpier.dll",
        "tools/net7.0/any/CSharpier.pdb",
        "tools/net7.0/any/DotNet.Glob.dll",
        "tools/net7.0/any/DotnetToolSettings.xml",
        "tools/net7.0/any/INIFileParser.dll",
        "tools/net7.0/any/Ignore.dll",
        "tools/net7.0/any/Microsoft.CodeAnalysis.CSharp.dll",
        "tools/net7.0/any/Microsoft.CodeAnalysis.dll",
        "tools/net7.0/any/Microsoft.Extensions.DependencyInjection.Abstractions.dll",
        "tools/net7.0/any/Microsoft.Extensions.DependencyInjection.dll",
        "tools/net7.0/any/Microsoft.Extensions.Logging.Abstractions.dll",
        "tools/net7.0/any/Microsoft.Extensions.Logging.dll",
        "tools/net7.0/any/Microsoft.Extensions.Options.dll",
        "tools/net7.0/any/Microsoft.Extensions.Primitives.dll",
        "tools/net7.0/any/System.CommandLine.dll",
        "tools/net7.0/any/System.IO.Abstractions.TestingHelpers.dll",
        "tools/net7.0/any/System.IO.Abstractions.dll",
        "tools/net7.0/any/System.IO.Hashing.dll",
        "tools/net7.0/any/YamlDotNet.dll",
        "tools/net7.0/any/cs/Microsoft.CodeAnalysis.CSharp.resources.dll",
        "tools/net7.0/any/cs/Microsoft.CodeAnalysis.resources.dll",
        "tools/net7.0/any/cs/System.CommandLine.resources.dll",
        "tools/net7.0/any/de/Microsoft.CodeAnalysis.CSharp.resources.dll",
        "tools/net7.0/any/de/Microsoft.CodeAnalysis.resources.dll",
        "tools/net7.0/any/de/System.CommandLine.resources.dll",
        "tools/net7.0/any/dotnet-csharpier.deps.json",
        "tools/net7.0/any/dotnet-csharpier.dll",
        "tools/net7.0/any/dotnet-csharpier.pdb",
        "tools/net7.0/any/dotnet-csharpier.runtimeconfig.json",
        "tools/net7.0/any/es/Microsoft.CodeAnalysis.CSharp.resources.dll",
        "tools/net7.0/any/es/Microsoft.CodeAnalysis.resources.dll",
        "tools/net7.0/any/es/System.CommandLine.resources.dll",
        "tools/net7.0/any/fr/Microsoft.CodeAnalysis.CSharp.resources.dll",
        "tools/net7.0/any/fr/Microsoft.CodeAnalysis.resources.dll",
        "tools/net7.0/any/fr/System.CommandLine.resources.dll",
        "tools/net7.0/any/it/Microsoft.CodeAnalysis.CSharp.resources.dll",
        "tools/net7.0/any/it/Microsoft.CodeAnalysis.resources.dll",
        "tools/net7.0/any/it/System.CommandLine.resources.dll",
        "tools/net7.0/any/ja/Microsoft.CodeAnalysis.CSharp.resources.dll",
        "tools/net7.0/any/ja/Microsoft.CodeAnalysis.resources.dll",
        "tools/net7.0/any/ja/System.CommandLine.resources.dll",
        "tools/net7.0/any/ko/Microsoft.CodeAnalysis.CSharp.resources.dll",
        "tools/net7.0/any/ko/Microsoft.CodeAnalysis.resources.dll",
        "tools/net7.0/any/ko/System.CommandLine.resources.dll",
        "tools/net7.0/any/pl/Microsoft.CodeAnalysis.CSharp.resources.dll",
        "tools/net7.0/any/pl/Microsoft.CodeAnalysis.resources.dll",
        "tools/net7.0/any/pl/System.CommandLine.resources.dll",
        "tools/net7.0/any/pt-BR/Microsoft.CodeAnalysis.CSharp.resources.dll",
        "tools/net7.0/any/pt-BR/Microsoft.CodeAnalysis.resources.dll",
        "tools/net7.0/any/pt-BR/System.CommandLine.resources.dll",
        "tools/net7.0/any/ru/Microsoft.CodeAnalysis.CSharp.resources.dll",
        "tools/net7.0/any/ru/Microsoft.CodeAnalysis.resources.dll",
        "tools/net7.0/any/ru/System.CommandLine.resources.dll",
        "tools/net7.0/any/tr/Microsoft.CodeAnalysis.CSharp.resources.dll",
        "tools/net7.0/any/tr/Microsoft.CodeAnalysis.resources.dll",
        "tools/net7.0/any/tr/System.CommandLine.resources.dll",
        "tools/net7.0/any/zh-Hans/Microsoft.CodeAnalysis.CSharp.resources.dll",
        "tools/net7.0/any/zh-Hans/Microsoft.CodeAnalysis.resources.dll",
        "tools/net7.0/any/zh-Hans/System.CommandLine.resources.dll",
        "tools/net7.0/any/zh-Hant/Microsoft.CodeAnalysis.CSharp.resources.dll",
        "tools/net7.0/any/zh-Hant/Microsoft.CodeAnalysis.resources.dll",
        "tools/net7.0/any/zh-Hant/System.CommandLine.resources.dll",
        "tools/net8.0/any/CSharpier.dll",
        "tools/net8.0/any/CSharpier.pdb",
        "tools/net8.0/any/DotNet.Glob.dll",
        "tools/net8.0/any/DotnetToolSettings.xml",
        "tools/net8.0/any/INIFileParser.dll",
        "tools/net8.0/any/Ignore.dll",
        "tools/net8.0/any/Microsoft.CodeAnalysis.CSharp.dll",
        "tools/net8.0/any/Microsoft.CodeAnalysis.dll",
        "tools/net8.0/any/Microsoft.Extensions.DependencyInjection.Abstractions.dll",
        "tools/net8.0/any/Microsoft.Extensions.DependencyInjection.dll",
        "tools/net8.0/any/Microsoft.Extensions.Logging.Abstractions.dll",
        "tools/net8.0/any/Microsoft.Extensions.Logging.dll",
        "tools/net8.0/any/Microsoft.Extensions.Options.dll",
        "tools/net8.0/any/Microsoft.Extensions.Primitives.dll",
        "tools/net8.0/any/System.CommandLine.dll",
        "tools/net8.0/any/System.IO.Abstractions.TestingHelpers.dll",
        "tools/net8.0/any/System.IO.Abstractions.dll",
        "tools/net8.0/any/System.IO.Hashing.dll",
        "tools/net8.0/any/YamlDotNet.dll",
        "tools/net8.0/any/cs/Microsoft.CodeAnalysis.CSharp.resources.dll",
        "tools/net8.0/any/cs/Microsoft.CodeAnalysis.resources.dll",
        "tools/net8.0/any/cs/System.CommandLine.resources.dll",
        "tools/net8.0/any/de/Microsoft.CodeAnalysis.CSharp.resources.dll",
        "tools/net8.0/any/de/Microsoft.CodeAnalysis.resources.dll",
        "tools/net8.0/any/de/System.CommandLine.resources.dll",
        "tools/net8.0/any/dotnet-csharpier.deps.json",
        "tools/net8.0/any/dotnet-csharpier.dll",
        "tools/net8.0/any/dotnet-csharpier.pdb",
        "tools/net8.0/any/dotnet-csharpier.runtimeconfig.json",
        "tools/net8.0/any/es/Microsoft.CodeAnalysis.CSharp.resources.dll",
        "tools/net8.0/any/es/Microsoft.CodeAnalysis.resources.dll",
        "tools/net8.0/any/es/System.CommandLine.resources.dll",
        "tools/net8.0/any/fr/Microsoft.CodeAnalysis.CSharp.resources.dll",
        "tools/net8.0/any/fr/Microsoft.CodeAnalysis.resources.dll",
        "tools/net8.0/any/fr/System.CommandLine.resources.dll",
        "tools/net8.0/any/it/Microsoft.CodeAnalysis.CSharp.resources.dll",
        "tools/net8.0/any/it/Microsoft.CodeAnalysis.resources.dll",
        "tools/net8.0/any/it/System.CommandLine.resources.dll",
        "tools/net8.0/any/ja/Microsoft.CodeAnalysis.CSharp.resources.dll",
        "tools/net8.0/any/ja/Microsoft.CodeAnalysis.resources.dll",
        "tools/net8.0/any/ja/System.CommandLine.resources.dll",
        "tools/net8.0/any/ko/Microsoft.CodeAnalysis.CSharp.resources.dll",
        "tools/net8.0/any/ko/Microsoft.CodeAnalysis.resources.dll",
        "tools/net8.0/any/ko/System.CommandLine.resources.dll",
        "tools/net8.0/any/pl/Microsoft.CodeAnalysis.CSharp.resources.dll",
        "tools/net8.0/any/pl/Microsoft.CodeAnalysis.resources.dll",
        "tools/net8.0/any/pl/System.CommandLine.resources.dll",
        "tools/net8.0/any/pt-BR/Microsoft.CodeAnalysis.CSharp.resources.dll",
        "tools/net8.0/any/pt-BR/Microsoft.CodeAnalysis.resources.dll",
        "tools/net8.0/any/pt-BR/System.CommandLine.resources.dll",
        "tools/net8.0/any/ru/Microsoft.CodeAnalysis.CSharp.resources.dll",
        "tools/net8.0/any/ru/Microsoft.CodeAnalysis.resources.dll",
        "tools/net8.0/any/ru/System.CommandLine.resources.dll",
        "tools/net8.0/any/tr/Microsoft.CodeAnalysis.CSharp.resources.dll",
        "tools/net8.0/any/tr/Microsoft.CodeAnalysis.resources.dll",
        "tools/net8.0/any/tr/System.CommandLine.resources.dll",
        "tools/net8.0/any/zh-Hans/Microsoft.CodeAnalysis.CSharp.resources.dll",
        "tools/net8.0/any/zh-Hans/Microsoft.CodeAnalysis.resources.dll",
        "tools/net8.0/any/zh-Hans/System.CommandLine.resources.dll",
        "tools/net8.0/any/zh-Hant/Microsoft.CodeAnalysis.CSharp.resources.dll",
        "tools/net8.0/any/zh-Hant/Microsoft.CodeAnalysis.resources.dll",
        "tools/net8.0/any/zh-Hant/System.CommandLine.resources.dll"
      ]
    }
  },
  "projectFileDependencyGroups": {
    "net7.0": [
      "csharpier >= 0.26.0"
    ]
  },
  "packageFolders": {
    "/home/ivan/.config/nvim-pde-local/mason/staging/csharpier/.store/.stage/0100p2j0.5xz": {}
  },
  "project": {
    "version": "1.0.0",
    "restore": {
      "projectUniqueName": "/tmp/2e682a28-0b19-4f3d-a870-39930b503109/restore.csproj",
      "projectName": "restore",
      "projectPath": "/tmp/2e682a28-0b19-4f3d-a870-39930b503109/restore.csproj",
      "packagesPath": "/home/ivan/.config/nvim-pde-local/mason/staging/csharpier/.store/.stage/0100p2j0.5xz",
      "outputPath": "/home/ivan/.config/nvim-pde-local/mason/staging/csharpier/.store/.stage/0100p2j0.5xz/",
      "projectStyle": "DotnetToolReference",
      "configFilePaths": [
        "/home/ivan/.nuget/NuGet/NuGet.Config"
      ],
      "originalTargetFrameworks": [
        "net7.0"
      ],
      "sources": {
        "/usr/share/dotnet/sdk/NuGetFallbackFolder": {},
        "https://api.nuget.org/v3/index.json": {}
      },
      "frameworks": {
        "net7.0": {
          "targetAlias": "net7.0",
          "projectReferences": {}
        }
      },
      "warningProperties": {
        "warnAsError": [
          "NU1605"
        ]
      }
    },
    "frameworks": {
      "net7.0": {
        "targetAlias": "net7.0",
        "dependencies": {
          "csharpier": {
            "target": "Package",
            "version": "[0.26.0, )"
          }
        },
        "imports": [
          "net461",
          "net462",
          "net47",
          "net471",
          "net472",
          "net48",
          "net481"
        ],
        "assetTargetFallback": true,
        "warn": true,
        "runtimeIdentifierGraphPath": "/usr/share/dotnet/sdk/7.0.403/RuntimeIdentifierGraph.json"
      }
    },
    "runtimes": {
      "any": {
        "#import": []
      }
    }
  }
}